
Microsoft Visual Studio Solution File, Format Version 12.00
# Visual Studio Version 18
VisualStudioVersion = 18.0.11205.157
MinimumVisualStudioVersion = 10.0.40219.1
Project("{2150E333-8FDC-42A3-9474-1A3956D46DE8}") = "Solution Items", "Solution Items", "{562F8578-DCFA-4B0D-8867-D9399A711180}"
	ProjectSection(SolutionItems) = preProject
		..\..\Directory.Packages.props = ..\..\Directory.Packages.props
	EndProjectSection
EndProject
Project("{9A19103F-16F7-4668-BE54-9A1E7A4F7556}") = "Cose", "..\internal\Cose\Cose.csproj", "{9A435C7D-A2D9-4F6E-A3C0-D28C099BB2AC}"
EndProject
Project("{9A19103F-16F7-4668-BE54-9A1E7A4F7556}") = "cgs-client", "client\cgs-client.csproj", "{5F497322-C798-481C-A4FD-E5EB8E3A6487}"
EndProject
Project("{9A19103F-16F7-4668-BE54-9A1E7A4F7556}") = "ccr-governance", "sidecar\ccr-governance.csproj", "{37B273EC-4804-44E3-BFEC-CD6C537DF2D2}"
EndProject
Project("{9A19103F-16F7-4668-BE54-9A1E7A4F7556}") = "cgs-tests", "test\cgs-tests.csproj", "{DEDE18F8-4906-4D69-A93D-73AD2E295675}"
EndProject
Project("{9A19103F-16F7-4668-BE54-9A1E7A4F7556}") = "Attestation", "..\internal\Attestation\Attestation.csproj", "{76A1272E-651A-499F-A538-148A2118C2B4}"
EndProject
Project("{9A19103F-16F7-4668-BE54-9A1E7A4F7556}") = "cgs-ui", "ui\cgs-ui.csproj", "{53AFA6EE-615E-4159-9687-E220ACA4CD98}"
EndProject
Project("{9A19103F-16F7-4668-BE54-9A1E7A4F7556}") = "restapi-common", "..\internal\restapi-common\restapi-common.csproj", "{74CC1978-C4FD-4AD0-B863-A03F7D31691C}"
EndProject
Project("{FAE04EC0-301F-11D3-BF4B-00C04F79EFBC}") = "governance-common", "..\internal\governance-common\governance-common.csproj", "{21FE4E70-AA66-D4F3-2BBD-C6A3F5D8DC3F}"
EndProject
Project("{FAE04EC0-301F-11D3-BF4B-00C04F79EFBC}") = "Azure.Cleanroom.Sdk", "..\sdk\cleanroom-sdk\Azure.Cleanroom.Sdk.csproj", "{44F5AAE2-7C2B-16CB-EB58-81B455184298}"
EndProject
Project("{FAE04EC0-301F-11D3-BF4B-00C04F79EFBC}") = "Microsoft.Ccf.Client", "..\sdk\clients\ccf-client\Microsoft.Ccf.Client.csproj", "{E21BB91A-E1BF-53A3-0781-1D0F16CB2A78}"
EndProject
Project("{FAE04EC0-301F-11D3-BF4B-00C04F79EFBC}") = "Azure.Cleanroom.Governance.Client", "..\sdk\clients\cgs-client\Azure.Cleanroom.Governance.Client.csproj", "{5562B79D-27E6-DA68-305B-214F863C721C}"
EndProject
Project("{2150E333-8FDC-42A3-9474-1A3956D46DE8}") = "sdk", "sdk", "{7DF4432F-3057-436A-8DAD-3E5856171623}"
EndProject
Project("{2150E333-8FDC-42A3-9474-1A3956D46DE8}") = "clients", "clients", "{68A507BA-4F9C-4B46-98F5-80996BFE61FF}"
EndProject
Global
	GlobalSection(SolutionConfigurationPlatforms) = preSolution
		Debug|Any CPU = Debug|Any CPU
		Release|Any CPU = Release|Any CPU
	EndGlobalSection
	GlobalSection(ProjectConfigurationPlatforms) = postSolution
		{9A435C7D-A2D9-4F6E-A3C0-D28C099BB2AC}.Debug|Any CPU.ActiveCfg = Debug|Any CPU
		{9A435C7D-A2D9-4F6E-A3C0-D28C099BB2AC}.Debug|Any CPU.Build.0 = Debug|Any CPU
		{9A435C7D-A2D9-4F6E-A3C0-D28C099BB2AC}.Release|Any CPU.ActiveCfg = Release|Any CPU
		{9A435C7D-A2D9-4F6E-A3C0-D28C099BB2AC}.Release|Any CPU.Build.0 = Release|Any CPU
		{5F497322-C798-481C-A4FD-E5EB8E3A6487}.Debug|Any CPU.ActiveCfg = Debug|Any CPU
		{5F497322-C798-481C-A4FD-E5EB8E3A6487}.Debug|Any CPU.Build.0 = Debug|Any CPU
		{5F497322-C798-481C-A4FD-E5EB8E3A6487}.Release|Any CPU.ActiveCfg = Release|Any CPU
		{5F497322-C798-481C-A4FD-E5EB8E3A6487}.Release|Any CPU.Build.0 = Release|Any CPU
		{37B273EC-4804-44E3-BFEC-CD6C537DF2D2}.Debug|Any CPU.ActiveCfg = Debug|Any CPU
		{37B273EC-4804-44E3-BFEC-CD6C537DF2D2}.Debug|Any CPU.Build.0 = Debug|Any CPU
		{37B273EC-4804-44E3-BFEC-CD6C537DF2D2}.Release|Any CPU.ActiveCfg = Release|Any CPU
		{37B273EC-4804-44E3-BFEC-CD6C537DF2D2}.Release|Any CPU.Build.0 = Release|Any CPU
		{DEDE18F8-4906-4D69-A93D-73AD2E295675}.Debug|Any CPU.ActiveCfg = Debug|Any CPU
		{DEDE18F8-4906-4D69-A93D-73AD2E295675}.Debug|Any CPU.Build.0 = Debug|Any CPU
		{DEDE18F8-4906-4D69-A93D-73AD2E295675}.Release|Any CPU.ActiveCfg = Release|Any CPU
		{DEDE18F8-4906-4D69-A93D-73AD2E295675}.Release|Any CPU.Build.0 = Release|Any CPU
		{76A1272E-651A-499F-A538-148A2118C2B4}.Debug|Any CPU.ActiveCfg = Debug|Any CPU
		{76A1272E-651A-499F-A538-148A2118C2B4}.Debug|Any CPU.Build.0 = Debug|Any CPU
		{76A1272E-651A-499F-A538-148A2118C2B4}.Release|Any CPU.ActiveCfg = Release|Any CPU
		{76A1272E-651A-499F-A538-148A2118C2B4}.Release|Any CPU.Build.0 = Release|Any CPU
		{53AFA6EE-615E-4159-9687-E220ACA4CD98}.Debug|Any CPU.ActiveCfg = Debug|Any CPU
		{53AFA6EE-615E-4159-9687-E220ACA4CD98}.Debug|Any CPU.Build.0 = Debug|Any CPU
		{53AFA6EE-615E-4159-9687-E220ACA4CD98}.Release|Any CPU.ActiveCfg = Release|Any CPU
		{53AFA6EE-615E-4159-9687-E220ACA4CD98}.Release|Any CPU.Build.0 = Release|Any CPU
		{74CC1978-C4FD-4AD0-B863-A03F7D31691C}.Debug|Any CPU.ActiveCfg = Debug|Any CPU
		{74CC1978-C4FD-4AD0-B863-A03F7D31691C}.Debug|Any CPU.Build.0 = Debug|Any CPU
		{74CC1978-C4FD-4AD0-B863-A03F7D31691C}.Release|Any CPU.ActiveCfg = Release|Any CPU
		{74CC1978-C4FD-4AD0-B863-A03F7D31691C}.Release|Any CPU.Build.0 = Release|Any CPU
		{21FE4E70-AA66-D4F3-2BBD-C6A3F5D8DC3F}.Debug|Any CPU.ActiveCfg = Debug|Any CPU
		{21FE4E70-AA66-D4F3-2BBD-C6A3F5D8DC3F}.Debug|Any CPU.Build.0 = Debug|Any CPU
		{21FE4E70-AA66-D4F3-2BBD-C6A3F5D8DC3F}.Release|Any CPU.ActiveCfg = Release|Any CPU
		{21FE4E70-AA66-D4F3-2BBD-C6A3F5D8DC3F}.Release|Any CPU.Build.0 = Release|Any CPU
		{44F5AAE2-7C2B-16CB-EB58-81B455184298}.Debug|Any CPU.ActiveCfg = Debug|Any CPU
		{44F5AAE2-7C2B-16CB-EB58-81B455184298}.Debug|Any CPU.Build.0 = Debug|Any CPU
		{44F5AAE2-7C2B-16CB-EB58-81B455184298}.Release|Any CPU.ActiveCfg = Release|Any CPU
		{44F5AAE2-7C2B-16CB-EB58-81B455184298}.Release|Any CPU.Build.0 = Release|Any CPU
		{E21BB91A-E1BF-53A3-0781-1D0F16CB2A78}.Debug|Any CPU.ActiveCfg = Debug|Any CPU
		{E21BB91A-E1BF-53A3-0781-1D0F16CB2A78}.Debug|Any CPU.Build.0 = Debug|Any CPU
		{E21BB91A-E1BF-53A3-0781-1D0F16CB2A78}.Release|Any CPU.ActiveCfg = Release|Any CPU
		{E21BB91A-E1BF-53A3-0781-1D0F16CB2A78}.Release|Any CPU.Build.0 = Release|Any CPU
		{5562B79D-27E6-DA68-305B-214F863C721C}.Debug|Any CPU.ActiveCfg = Debug|Any CPU
		{5562B79D-27E6-DA68-305B-214F863C721C}.Debug|Any CPU.Build.0 = Debug|Any CPU
		{5562B79D-27E6-DA68-305B-214F863C721C}.Release|Any CPU.ActiveCfg = Release|Any CPU
		{5562B79D-27E6-DA68-305B-214F863C721C}.Release|Any CPU.Build.0 = Release|Any CPU
	EndGlobalSection
	GlobalSection(SolutionProperties) = preSolution
		HideSolutionNode = FALSE
	EndGlobalSection
	GlobalSection(NestedProjects) = preSolution
		{44F5AAE2-7C2B-16CB-EB58-81B455184298} = {7DF4432F-3057-436A-8DAD-3E5856171623}
		{E21BB91A-E1BF-53A3-0781-1D0F16CB2A78} = {68A507BA-4F9C-4B46-98F5-80996BFE61FF}
		{5562B79D-27E6-DA68-305B-214F863C721C} = {68A507BA-4F9C-4B46-98F5-80996BFE61FF}
		{68A507BA-4F9C-4B46-98F5-80996BFE61FF} = {7DF4432F-3057-436A-8DAD-3E5856171623}
	EndGlobalSection
	GlobalSection(ExtensibilityGlobals) = postSolution
		SolutionGuid = {17269C1A-8349-4E49-9CEB-164E4ABA886F}
	EndGlobalSection
EndGlobal
