
Microsoft Visual Studio Solution File, Format Version 12.00
# Visual Studio Version 17
VisualStudioVersion = 17.0.31903.59
MinimumVisualStudioVersion = 10.0.40219.1
Project("{9A19103F-16F7-4668-BE54-9A1E7A4F7556}") = "local-skr", "local-skr.csproj", "{B3E81916-7321-4B75-9ECB-81293F6BAD36}"
EndProject
Project("{9A19103F-16F7-4668-BE54-9A1E7A4F7556}") = "restapi-common", "..\..\internal\restapi-common\restapi-common.csproj", "{2370CD9C-C343-4C3E-8078-595B084FAE58}"
EndProject
Global
	GlobalSection(SolutionConfigurationPlatforms) = preSolution
		Debug|Any CPU = Debug|Any CPU
		Release|Any CPU = Release|Any CPU
	EndGlobalSection
	GlobalSection(ProjectConfigurationPlatforms) = postSolution
		{B3E81916-7321-4B75-9ECB-81293F6BAD36}.Debug|Any CPU.ActiveCfg = Debug|Any CPU
		{B3E81916-7321-4B75-9ECB-81293F6BAD36}.Debug|Any CPU.Build.0 = Debug|Any CPU
		{B3E81916-7321-4B75-9ECB-81293F6BAD36}.Release|Any CPU.ActiveCfg = Release|Any CPU
		{B3E81916-7321-4B75-9ECB-81293F6BAD36}.Release|Any CPU.Build.0 = Release|Any CPU
		{2370CD9C-C343-4C3E-8078-595B084FAE58}.Debug|Any CPU.ActiveCfg = Debug|Any CPU
		{2370CD9C-C343-4C3E-8078-595B084FAE58}.Debug|Any CPU.Build.0 = Debug|Any CPU
		{2370CD9C-C343-4C3E-8078-595B084FAE58}.Release|Any CPU.ActiveCfg = Release|Any CPU
		{2370CD9C-C343-4C3E-8078-595B084FAE58}.Release|Any CPU.Build.0 = Release|Any CPU
	EndGlobalSection
	GlobalSection(SolutionProperties) = preSolution
		HideSolutionNode = FALSE
	EndGlobalSection
	GlobalSection(ExtensibilityGlobals) = postSolution
		SolutionGuid = {E3362E1B-1588-4CE2-A7E2-282C8DA309B3}
	EndGlobalSection
EndGlobal
