
Microsoft Visual Studio Solution File, Format Version 12.00
# Visual Studio Version 17
VisualStudioVersion = 17.11.35327.3
MinimumVisualStudioVersion = 10.0.40219.1
Project("{9A19103F-16F7-4668-BE54-9A1E7A4F7556}") = "UnitTests", "UnitTests.csproj", "{E83777C7-7F85-4976-95F5-43983D4F929C}"
EndProject
Global
	GlobalSection(SolutionConfigurationPlatforms) = preSolution
		Debug|Any CPU = Debug|Any CPU
		Release|Any CPU = Release|Any CPU
	EndGlobalSection
	GlobalSection(ProjectConfigurationPlatforms) = postSolution
		{E83777C7-7F85-4976-95F5-43983D4F929C}.Debug|Any CPU.ActiveCfg = Debug|Any CPU
		{E83777C7-7F85-4976-95F5-43983D4F929C}.Debug|Any CPU.Build.0 = Debug|Any CPU
		{E83777C7-7F85-4976-95F5-43983D4F929C}.Release|Any CPU.ActiveCfg = Release|Any CPU
		{E83777C7-7F85-4976-95F5-43983D4F929C}.Release|Any CPU.Build.0 = Release|Any CPU
	EndGlobalSection
	GlobalSection(SolutionProperties) = preSolution
		HideSolutionNode = FALSE
	EndGlobalSection
	GlobalSection(ExtensibilityGlobals) = postSolution
		SolutionGuid = {59341BB5-5A04-4EB5-A360-5B567A11262E}
	EndGlobalSection
EndGlobal
