
Microsoft Visual Studio Solution File, Format Version 12.00
# Visual Studio Version 17
VisualStudioVersion = 17.10.35004.147
MinimumVisualStudioVersion = 10.0.40219.1
Project("{9A19103F-16F7-4668-BE54-9A1E7A4F7556}") = "ccr-secrets", "sidecar\ccr-secrets.csproj", "{519521D5-FBD4-4935-83CD-E5632EA975A6}"
EndProject
Project("{9A19103F-16F7-4668-BE54-9A1E7A4F7556}") = "restapi-common", "..\internal\restapi-common\restapi-common.csproj", "{A883DA56-9AC2-4738-A917-677D01A97996}"
EndProject
Global
	GlobalSection(SolutionConfigurationPlatforms) = preSolution
		Debug|Any CPU = Debug|Any CPU
		Release|Any CPU = Release|Any CPU
	EndGlobalSection
	GlobalSection(ProjectConfigurationPlatforms) = postSolution
		{519521D5-FBD4-4935-83CD-E5632EA975A6}.Debug|Any CPU.ActiveCfg = Debug|Any CPU
		{519521D5-FBD4-4935-83CD-E5632EA975A6}.Debug|Any CPU.Build.0 = Debug|Any CPU
		{519521D5-FBD4-4935-83CD-E5632EA975A6}.Release|Any CPU.ActiveCfg = Release|Any CPU
		{519521D5-FBD4-4935-83CD-E5632EA975A6}.Release|Any CPU.Build.0 = Release|Any CPU
		{A883DA56-9AC2-4738-A917-677D01A97996}.Debug|Any CPU.ActiveCfg = Debug|Any CPU
		{A883DA56-9AC2-4738-A917-677D01A97996}.Debug|Any CPU.Build.0 = Debug|Any CPU
		{A883DA56-9AC2-4738-A917-677D01A97996}.Release|Any CPU.ActiveCfg = Release|Any CPU
		{A883DA56-9AC2-4738-A917-677D01A97996}.Release|Any CPU.Build.0 = Release|Any CPU
	EndGlobalSection
	GlobalSection(SolutionProperties) = preSolution
		HideSolutionNode = FALSE
	EndGlobalSection
	GlobalSection(ExtensibilityGlobals) = postSolution
		SolutionGuid = {0E55A3B8-42A7-49C2-80D1-532E30D2F020}
	EndGlobalSection
EndGlobal
